
Microsoft Visual Studio Solution File, Format Version 12.00
# Visual Studio Version 17
VisualStudioVersion = 17.14.36310.24 d17.14
MinimumVisualStudioVersion = 10.0.40219.1
Project("{FAE04EC0-301F-11D3-BF4B-00C04F79EFBC}") = "OLMS", "OLMS\OLMS.csproj", "{F21F0C8E-9B67-46ED-881F-D14F02C4A509}"
EndProject
Global
	GlobalSection(SolutionConfigurationPlatforms) = preSolution
		Debug|Any CPU = Debug|Any CPU
		Release|Any CPU = Release|Any CPU
	EndGlobalSection
	GlobalSection(ProjectConfigurationPlatforms) = postSolution
		{F21F0C8E-9B67-46ED-881F-D14F02C4A509}.Debug|Any CPU.ActiveCfg = Debug|Any CPU
		{F21F0C8E-9B67-46ED-881F-D14F02C4A509}.Debug|Any CPU.Build.0 = Debug|Any CPU
		{F21F0C8E-9B67-46ED-881F-D14F02C4A509}.Release|Any CPU.ActiveCfg = Release|Any CPU
		{F21F0C8E-9B67-46ED-881F-D14F02C4A509}.Release|Any CPU.Build.0 = Release|Any CPU
	EndGlobalSection
	GlobalSection(SolutionProperties) = preSolution
		HideSolutionNode = FALSE
	EndGlobalSection
	GlobalSection(ExtensibilityGlobals) = postSolution
		SolutionGuid = {C770140C-1935-4884-A060-22A8FF70D00F}
	EndGlobalSection
EndGlobal
