
Microsoft Visual Studio Solution File, Format Version 12.00
# Visual Studio Version 17
VisualStudioVersion = 17.14.36310.24
MinimumVisualStudioVersion = 10.0.40219.1
Project("{FAE04EC0-301F-11D3-BF4B-00C04F79EFBC}") = "Assignment1", "Assignment1\Assignment1.csproj", "{E6405FE7-9E28-4635-A280-BB817BAEA98E}"
EndProject
Project("{FAE04EC0-301F-11D3-BF4B-00C04F79EFBC}") = "TestAsg", "TestAsg\TestAsg.csproj", "{D09145F7-A132-4FD1-B56D-50CB5293FA95}"
EndProject
Global
	GlobalSection(SolutionConfigurationPlatforms) = preSolution
		Debug|Any CPU = Debug|Any CPU
		Release|Any CPU = Release|Any CPU
	EndGlobalSection
	GlobalSection(ProjectConfigurationPlatforms) = postSolution
		{E6405FE7-9E28-4635-A280-BB817BAEA98E}.Debug|Any CPU.ActiveCfg = Debug|Any CPU
		{E6405FE7-9E28-4635-A280-BB817BAEA98E}.Debug|Any CPU.Build.0 = Debug|Any CPU
		{E6405FE7-9E28-4635-A280-BB817BAEA98E}.Release|Any CPU.ActiveCfg = Release|Any CPU
		{E6405FE7-9E28-4635-A280-BB817BAEA98E}.Release|Any CPU.Build.0 = Release|Any CPU
		{D09145F7-A132-4FD1-B56D-50CB5293FA95}.Debug|Any CPU.ActiveCfg = Debug|Any CPU
		{D09145F7-A132-4FD1-B56D-50CB5293FA95}.Debug|Any CPU.Build.0 = Debug|Any CPU
		{D09145F7-A132-4FD1-B56D-50CB5293FA95}.Release|Any CPU.ActiveCfg = Release|Any CPU
		{D09145F7-A132-4FD1-B56D-50CB5293FA95}.Release|Any CPU.Build.0 = Release|Any CPU
	EndGlobalSection
	GlobalSection(SolutionProperties) = preSolution
		HideSolutionNode = FALSE
	EndGlobalSection
	GlobalSection(ExtensibilityGlobals) = postSolution
		SolutionGuid = {49BC6C36-CA24-4EEB-9E38-C65D07DD1093}
	EndGlobalSection
EndGlobal
