
Microsoft Visual Studio Solution File, Format Version 12.00
# Visual Studio Version 17
VisualStudioVersion = 17.14.36310.24 d17.14
MinimumVisualStudioVersion = 10.0.40219.1
Project("{FAE04EC0-301F-11D3-BF4B-00C04F79EFBC}") = "GithubSecurity", "GithubSecurity\GithubSecurity.csproj", "{C494C259-11AD-4C07-8F35-F95F574277B7}"
EndProject
Global
	GlobalSection(SolutionConfigurationPlatforms) = preSolution
		Debug|Any CPU = Debug|Any CPU
		Release|Any CPU = Release|Any CPU
	EndGlobalSection
	GlobalSection(ProjectConfigurationPlatforms) = postSolution
		{C494C259-11AD-4C07-8F35-F95F574277B7}.Debug|Any CPU.ActiveCfg = Debug|Any CPU
		{C494C259-11AD-4C07-8F35-F95F574277B7}.Debug|Any CPU.Build.0 = Debug|Any CPU
		{C494C259-11AD-4C07-8F35-F95F574277B7}.Release|Any CPU.ActiveCfg = Release|Any CPU
		{C494C259-11AD-4C07-8F35-F95F574277B7}.Release|Any CPU.Build.0 = Release|Any CPU
	EndGlobalSection
	GlobalSection(SolutionProperties) = preSolution
		HideSolutionNode = FALSE
	EndGlobalSection
	GlobalSection(ExtensibilityGlobals) = postSolution
		SolutionGuid = {B786A0BD-1195-43D5-85C7-772FCC54E13A}
	EndGlobalSection
EndGlobal
