
Microsoft Visual Studio Solution File, Format Version 12.00
# Visual Studio Version 17
VisualStudioVersion = 17.14.36310.24 d17.14
MinimumVisualStudioVersion = 10.0.40219.1
Project("{FAE04EC0-301F-11D3-BF4B-00C04F79EFBC}") = "Nunitdemo", "Nunitdemo\Nunitdemo.csproj", "{9A29727B-8E9B-415A-B2A6-5EEEA009EDBE}"
EndProject
Project("{FAE04EC0-301F-11D3-BF4B-00C04F79EFBC}") = "Nunit.tests", "..\Nunit.tests\Nunit.tests.csproj", "{34179B84-2FCC-49E4-862A-D6614B5611E4}"
EndProject
Global
	GlobalSection(SolutionConfigurationPlatforms) = preSolution
		Debug|Any CPU = Debug|Any CPU
		Release|Any CPU = Release|Any CPU
	EndGlobalSection
	GlobalSection(ProjectConfigurationPlatforms) = postSolution
		{9A29727B-8E9B-415A-B2A6-5EEEA009EDBE}.Debug|Any CPU.ActiveCfg = Debug|Any CPU
		{9A29727B-8E9B-415A-B2A6-5EEEA009EDBE}.Debug|Any CPU.Build.0 = Debug|Any CPU
		{9A29727B-8E9B-415A-B2A6-5EEEA009EDBE}.Release|Any CPU.ActiveCfg = Release|Any CPU
		{9A29727B-8E9B-415A-B2A6-5EEEA009EDBE}.Release|Any CPU.Build.0 = Release|Any CPU
		{34179B84-2FCC-49E4-862A-D6614B5611E4}.Debug|Any CPU.ActiveCfg = Debug|Any CPU
		{34179B84-2FCC-49E4-862A-D6614B5611E4}.Debug|Any CPU.Build.0 = Debug|Any CPU
		{34179B84-2FCC-49E4-862A-D6614B5611E4}.Release|Any CPU.ActiveCfg = Release|Any CPU
		{34179B84-2FCC-49E4-862A-D6614B5611E4}.Release|Any CPU.Build.0 = Release|Any CPU
	EndGlobalSection
	GlobalSection(SolutionProperties) = preSolution
		HideSolutionNode = FALSE
	EndGlobalSection
	GlobalSection(ExtensibilityGlobals) = postSolution
		SolutionGuid = {236CECD9-4107-4E97-9C63-0FFF76F93CA0}
	EndGlobalSection
EndGlobal
