
Microsoft Visual Studio Solution File, Format Version 12.00
# Visual Studio Version 17
VisualStudioVersion = 17.14.36310.24 d17.14
MinimumVisualStudioVersion = 10.0.40219.1
Project("{FAE04EC0-301F-11D3-BF4B-00C04F79EFBC}") = "PrepTestMVC", "PrepTestMVC\PrepTestMVC.csproj", "{FCC93294-BB21-4534-B974-7288E0614126}"
EndProject
Global
	GlobalSection(SolutionConfigurationPlatforms) = preSolution
		Debug|Any CPU = Debug|Any CPU
		Release|Any CPU = Release|Any CPU
	EndGlobalSection
	GlobalSection(ProjectConfigurationPlatforms) = postSolution
		{FCC93294-BB21-4534-B974-7288E0614126}.Debug|Any CPU.ActiveCfg = Debug|Any CPU
		{FCC93294-BB21-4534-B974-7288E0614126}.Debug|Any CPU.Build.0 = Debug|Any CPU
		{FCC93294-BB21-4534-B974-7288E0614126}.Release|Any CPU.ActiveCfg = Release|Any CPU
		{FCC93294-BB21-4534-B974-7288E0614126}.Release|Any CPU.Build.0 = Release|Any CPU
	EndGlobalSection
	GlobalSection(SolutionProperties) = preSolution
		HideSolutionNode = FALSE
	EndGlobalSection
	GlobalSection(ExtensibilityGlobals) = postSolution
		SolutionGuid = {A299A6FE-A976-4D31-B66C-1F6000042429}
	EndGlobalSection
EndGlobal
